
Microsoft Visual Studio Solution File, Format Version 12.00
Project("{FAE04EC0-301F-11D3-BF4B-00C04F79EFBC}") = "webapp", "webapp\webapp.csproj", "{AB37B6A1-E651-49CF-ADBC-35FF9D443769}"
EndProject
Project("{FAE04EC0-301F-11D3-BF4B-00C04F79EFBC}") = "core", "core\core.csproj", "{661D11E2-2ED0-42F0-A408-748DCF3A9C5E}"
EndProject
Project("{FAE04EC0-301F-11D3-BF4B-00C04F79EFBC}") = "server", "server\server.csproj", "{05CC39C0-FA2E-4FA1-9760-5ECAA953779C}"
EndProject
Global
	GlobalSection(SolutionConfigurationPlatforms) = preSolution
		Debug|Any CPU = Debug|Any CPU
		Release|Any CPU = Release|Any CPU
	EndGlobalSection
	GlobalSection(ProjectConfigurationPlatforms) = postSolution
		{AB37B6A1-E651-49CF-ADBC-35FF9D443769}.Debug|Any CPU.ActiveCfg = Debug|Any CPU
		{AB37B6A1-E651-49CF-ADBC-35FF9D443769}.Debug|Any CPU.Build.0 = Debug|Any CPU
		{AB37B6A1-E651-49CF-ADBC-35FF9D443769}.Release|Any CPU.ActiveCfg = Release|Any CPU
		{AB37B6A1-E651-49CF-ADBC-35FF9D443769}.Release|Any CPU.Build.0 = Release|Any CPU
		{661D11E2-2ED0-42F0-A408-748DCF3A9C5E}.Debug|Any CPU.ActiveCfg = Debug|Any CPU
		{661D11E2-2ED0-42F0-A408-748DCF3A9C5E}.Debug|Any CPU.Build.0 = Debug|Any CPU
		{661D11E2-2ED0-42F0-A408-748DCF3A9C5E}.Release|Any CPU.ActiveCfg = Release|Any CPU
		{661D11E2-2ED0-42F0-A408-748DCF3A9C5E}.Release|Any CPU.Build.0 = Release|Any CPU
		{05CC39C0-FA2E-4FA1-9760-5ECAA953779C}.Debug|Any CPU.ActiveCfg = Debug|Any CPU
		{05CC39C0-FA2E-4FA1-9760-5ECAA953779C}.Debug|Any CPU.Build.0 = Debug|Any CPU
		{05CC39C0-FA2E-4FA1-9760-5ECAA953779C}.Release|Any CPU.ActiveCfg = Release|Any CPU
		{05CC39C0-FA2E-4FA1-9760-5ECAA953779C}.Release|Any CPU.Build.0 = Release|Any CPU
	EndGlobalSection
EndGlobal
